
Microsoft Visual Studio Solution File, Format Version 12.00
# Visual Studio Version 17
VisualStudioVersion = 17.11.35312.102
MinimumVisualStudioVersion = 10.0.40219.1
Project("{FAE04EC0-301F-11D3-BF4B-00C04F79EFBC}") = "MagicVilla_VillaAPI", "MagicVilla_VillaAPI\MagicVilla_VillaAPI.csproj", "{44EB0148-39AF-461E-9141-811B9EEA2F19}"
EndProject
Global
	GlobalSection(SolutionConfigurationPlatforms) = preSolution
		Debug|Any CPU = Debug|Any CPU
		Release|Any CPU = Release|Any CPU
	EndGlobalSection
	GlobalSection(ProjectConfigurationPlatforms) = postSolution
		{44EB0148-39AF-461E-9141-811B9EEA2F19}.Debug|Any CPU.ActiveCfg = Debug|Any CPU
		{44EB0148-39AF-461E-9141-811B9EEA2F19}.Debug|Any CPU.Build.0 = Debug|Any CPU
		{44EB0148-39AF-461E-9141-811B9EEA2F19}.Release|Any CPU.ActiveCfg = Release|Any CPU
		{44EB0148-39AF-461E-9141-811B9EEA2F19}.Release|Any CPU.Build.0 = Release|Any CPU
	EndGlobalSection
	GlobalSection(SolutionProperties) = preSolution
		HideSolutionNode = FALSE
	EndGlobalSection
	GlobalSection(ExtensibilityGlobals) = postSolution
		SolutionGuid = {9C7F7912-B476-40E5-A2AE-D9F5B727F460}
	EndGlobalSection
EndGlobal
